
Microsoft Visual Studio Solution File, Format Version 12.00
# Visual Studio 15
VisualStudioVersion = 15.0.27703.2026
MinimumVisualStudioVersion = 10.0.40219.1
Project("{8BC9CEB8-8B4A-11D0-8D11-00A0C91BC942}") = "sqlist", "sqlist\sqlist.vcxproj", "{11F5F45A-67D2-4E52-92B7-E4C9A01DC6AA}"
EndProject
Global
	GlobalSection(SolutionConfigurationPlatforms) = preSolution
		Debug|x64 = Debug|x64
		Debug|x86 = Debug|x86
		Release|x64 = Release|x64
		Release|x86 = Release|x86
	EndGlobalSection
	GlobalSection(ProjectConfigurationPlatforms) = postSolution
		{11F5F45A-67D2-4E52-92B7-E4C9A01DC6AA}.Debug|x64.ActiveCfg = Debug|x64
		{11F5F45A-67D2-4E52-92B7-E4C9A01DC6AA}.Debug|x64.Build.0 = Debug|x64
		{11F5F45A-67D2-4E52-92B7-E4C9A01DC6AA}.Debug|x86.ActiveCfg = Debug|Win32
		{11F5F45A-67D2-4E52-92B7-E4C9A01DC6AA}.Debug|x86.Build.0 = Debug|Win32
		{11F5F45A-67D2-4E52-92B7-E4C9A01DC6AA}.Release|x64.ActiveCfg = Release|x64
		{11F5F45A-67D2-4E52-92B7-E4C9A01DC6AA}.Release|x64.Build.0 = Release|x64
		{11F5F45A-67D2-4E52-92B7-E4C9A01DC6AA}.Release|x86.ActiveCfg = Release|Win32
		{11F5F45A-67D2-4E52-92B7-E4C9A01DC6AA}.Release|x86.Build.0 = Release|Win32
	EndGlobalSection
	GlobalSection(SolutionProperties) = preSolution
		HideSolutionNode = FALSE
	EndGlobalSection
	GlobalSection(ExtensibilityGlobals) = postSolution
		SolutionGuid = {3F7FDCE8-A0CE-4EAD-91E2-A766819D300E}
	EndGlobalSection
EndGlobal
